
Microsoft Visual Studio Solution File, Format Version 12.00
# Visual Studio Version 16
VisualStudioVersion = 25.0.1706.4
MinimumVisualStudioVersion = 10.0.40219.1
Project("{FAE04EC0-301F-11D3-BF4B-00C04F79EFBC}") = "KFU8", "KFU8\KFU8.csproj", "{7770C7D9-0B42-4492-AB16-D9EB1C770A82}"
EndProject
Project("{FAE04EC0-301F-11D3-BF4B-00C04F79EFBC}") = "CreativeTask", "CreativeTask\CreativeTask.csproj", "{143EB4A7-1687-4635-8FC9-2E13E1B1C9E6}"
EndProject
Global
	GlobalSection(SolutionConfigurationPlatforms) = preSolution
		Debug|Any CPU = Debug|Any CPU
		Release|Any CPU = Release|Any CPU
	EndGlobalSection
	GlobalSection(ProjectConfigurationPlatforms) = postSolution
		{7770C7D9-0B42-4492-AB16-D9EB1C770A82}.Debug|Any CPU.ActiveCfg = Debug|Any CPU
		{7770C7D9-0B42-4492-AB16-D9EB1C770A82}.Debug|Any CPU.Build.0 = Debug|Any CPU
		{7770C7D9-0B42-4492-AB16-D9EB1C770A82}.Release|Any CPU.ActiveCfg = Release|Any CPU
		{7770C7D9-0B42-4492-AB16-D9EB1C770A82}.Release|Any CPU.Build.0 = Release|Any CPU
		{143EB4A7-1687-4635-8FC9-2E13E1B1C9E6}.Debug|Any CPU.ActiveCfg = Debug|Any CPU
		{143EB4A7-1687-4635-8FC9-2E13E1B1C9E6}.Debug|Any CPU.Build.0 = Debug|Any CPU
		{143EB4A7-1687-4635-8FC9-2E13E1B1C9E6}.Release|Any CPU.ActiveCfg = Release|Any CPU
		{143EB4A7-1687-4635-8FC9-2E13E1B1C9E6}.Release|Any CPU.Build.0 = Release|Any CPU
	EndGlobalSection
	GlobalSection(SolutionProperties) = preSolution
		HideSolutionNode = FALSE
	EndGlobalSection
	GlobalSection(ExtensibilityGlobals) = postSolution
		SolutionGuid = {241146E1-E027-4B9A-8D7E-81B227A68300}
	EndGlobalSection
EndGlobal
